{
  "name": "@bobanum/theophile-reference",
  "version": "0.0.1",
  "lockfileVersion": 3,
  "requires": true,
  "packages": {
    "": {
      "name": "@bobanum/theophile-reference",
      "version": "0.0.1",
      "license": "MIT",
      "dependencies": {
        "@bobanum/theophile": "^0.0.1"
      },
      "devDependencies": {}
    },
    "node_modules/@bobanum/theophile": {
      "version": "0.0.1",
      "resolved": "https://registry.npmjs.org/@bobanum/theophile/-/theophile-0.0.1.tgz",
      "integrity": "sha512-rG8IJfcNltG043Sz2vFPxcxAqGscQrRlM7yFUlWmYE0uzBVXMz6L69zh/Hi/cCVA2udu+8IJmqto5FyHntjzew=="
    }
  }
}
